// !$*UTF8*$!
{
	archiveVersion = 1;
	classes = {
	};
	objectVersion = 77;
	objects = {

/* Begin PBXBuildFile section */
		6208745A2E7D04D80062F269 /* BonjourDiscoveryServiceTests.swift in Sources */ = {isa = PBXBuildFile; fileRef = 6251FB8A2E7C7DCF001856FD /* BonjourDiscoveryServiceTests.swift */; };
		6208745B2E7D04DD0062F269 /* ConnectivityStoreTests.swift in Sources */ = {isa = PBXBuildFile; fileRef = 6251FB8B2E7C7DCF001856FD /* ConnectivityStoreTests.swift */; };
                6208745C2E7D04E30062F269 /* HealthServiceTests.swift in Sources */ = {isa = PBXBuildFile; fileRef = 6251FB8C2E7C7DCF001856FD /* HealthServiceTests.swift */; };
		6208747D2E7DF2C00062F269 /* Color+Theme.swift in Sources */ = {isa = PBXBuildFile; fileRef = 6208747C2E7DF2C00062F269 /* Color+Theme.swift */; };
		621360F02E7C8AE30094E4D2 /* LaunchScreen.storyboard in Resources */ = {isa = PBXBuildFile; fileRef = 621360EF2E7C8AE30094E4D2 /* LaunchScreen.storyboard */; };
		621360F32E7C8C730094E4D2 /* Assets.xcassets in Resources */ = {isa = PBXBuildFile; fileRef = 621360F22E7C8C730094E4D2 /* Assets.xcassets */; };
		6251FB8F2E7C7DCF001856FD /* RainDTO.swift in Sources */ = {isa = PBXBuildFile; fileRef = 6251FB662E7C7DCF001856FD /* RainDTO.swift */; };
		6251FB902E7C7DCF001856FD /* ConnectivityBadgeView.swift in Sources */ = {isa = PBXBuildFile; fileRef = 6251FB7E2E7C7DCF001856FD /* ConnectivityBadgeView.swift */; };
                6251FB912E7C7DCF001856FD /* SkeletonView.swift in Sources */ = {isa = PBXBuildFile; fileRef = 6251FB782E7C7DCF001856FD /* SkeletonView.swift */; };
                6251FB932E7C7DCF001856FD /* HTTPClient.swift in Sources */ = {isa = PBXBuildFile; fileRef = 6251FB642E7C7DCF001856FD /* HTTPClient.swift */; };
                6251FB942E7C7DCF001856FD /* BonjourDiscoveryService.swift in Sources */ = {isa = PBXBuildFile; fileRef = 6251FB712E7C7DCF001856FD /* BonjourDiscoveryService.swift */; };
                6BFEAF8D8CE34D24B3E6D573 /* ControllerConfig.swift in Sources */ = {isa = PBXBuildFile; fileRef = B2866995A778497F91D3DDCE /* ControllerConfig.swift */; };
                05C68F6C7FA04E5883B160B3 /* URLNormalize.swift in Sources */ = {isa = PBXBuildFile; fileRef = 4532F3E698CE4C0290A27EB5 /* URLNormalize.swift */; };
                6251FB962E7C7DCF001856FD /* StatusDTO.swift in Sources */ = {isa = PBXBuildFile; fileRef = 6251FB6B2E7C7DCF001856FD /* StatusDTO.swift */; };
		6251FB972E7C7DCF001856FD /* KeychainStorage.swift in Sources */ = {isa = PBXBuildFile; fileRef = 6251FB772E7C7DCF001856FD /* KeychainStorage.swift */; };
                6251FB982E7C7DCF001856FD /* ConnectivityStore.swift in Sources */ = {isa = PBXBuildFile; fileRef = 6251FB742E7C7DCF001856FD /* ConnectivityStore.swift */; };
                62D0AA052F0A1B2000000001 /* ConnectivityState+Presentation.swift in Sources */ = {isa = PBXBuildFile; fileRef = 62D0AA042F0A1B2000000001 /* ConnectivityState+Presentation.swift */; };
                6251FB992E7C7DCF001856FD /* PinsListView.swift in Sources */ = {isa = PBXBuildFile; fileRef = 6251FB812E7C7DCF001856FD /* PinsListView.swift */; };
		6251FB9A2E7C7DCF001856FD /* Toast.swift in Sources */ = {isa = PBXBuildFile; fileRef = 6251FB792E7C7DCF001856FD /* Toast.swift */; };
		6251FB9B2E7C7DCF001856FD /* EmptyResponse.swift in Sources */ = {isa = PBXBuildFile; fileRef = 6251FB622E7C7DCF001856FD /* EmptyResponse.swift */; };
		6251FB9D2E7C7DCF001856FD /* PinRowView.swift in Sources */ = {isa = PBXBuildFile; fileRef = 6251FB802E7C7DCF001856FD /* PinRowView.swift */; };
		6251FB9E2E7C7DCF001856FD /* Validators.swift in Sources */ = {isa = PBXBuildFile; fileRef = 6251FB7A2E7C7DCF001856FD /* Validators.swift */; };
		6251FB9F2E7C7DCF001856FD /* SprinklerMobileApp.swift in Sources */ = {isa = PBXBuildFile; fileRef = 6251FB882E7C7DCF001856FD /* SprinklerMobileApp.swift */; };
		6251FBA02E7C7DCF001856FD /* SprinklerStore.swift in Sources */ = {isa = PBXBuildFile; fileRef = 6251FB752E7C7DCF001856FD /* SprinklerStore.swift */; };
		6251FBA12E7C7DCF001856FD /* ScheduleEditorView.swift in Sources */ = {isa = PBXBuildFile; fileRef = 6251FB832E7C7DCF001856FD /* ScheduleEditorView.swift */; };
		6251FBA22E7C7DCF001856FD /* SSLPinningDelegate.swift in Sources */ = {isa = PBXBuildFile; fileRef = 6251FB6A2E7C7DCF001856FD /* SSLPinningDelegate.swift */; };
		6251FBA32E7C7DCF001856FD /* ScheduleRowView.swift in Sources */ = {isa = PBXBuildFile; fileRef = 6251FB842E7C7DCF001856FD /* ScheduleRowView.swift */; };
		6251FBA42E7C7DCF001856FD /* DiscoveredDevice.swift in Sources */ = {isa = PBXBuildFile; fileRef = 6251FB6D2E7C7DCF001856FD /* DiscoveredDevice.swift */; };
		6251FBA52E7C7DCF001856FD /* SchedulesView.swift in Sources */ = {isa = PBXBuildFile; fileRef = 6251FB852E7C7DCF001856FD /* SchedulesView.swift */; };
		6251FBA62E7C7DCF001856FD /* SettingsView.swift in Sources */ = {isa = PBXBuildFile; fileRef = 6251FB862E7C7DCF001856FD /* SettingsView.swift */; };
		6251FBA72E7C7DCF001856FD /* GPIOCatalog.swift in Sources */ = {isa = PBXBuildFile; fileRef = 6251FB632E7C7DCF001856FD /* GPIOCatalog.swift */; };
		6251FBA82E7C7DCF001856FD /* ScheduleDTO.swift in Sources */ = {isa = PBXBuildFile; fileRef = 6251FB682E7C7DCF001856FD /* ScheduleDTO.swift */; };
		6251FBA92E7C7DCF001856FD /* APIClient.swift in Sources */ = {isa = PBXBuildFile; fileRef = 6251FB602E7C7DCF001856FD /* APIClient.swift */; };
		6251FBAA2E7C7DCF001856FD /* DashboardView.swift in Sources */ = {isa = PBXBuildFile; fileRef = 6251FB7F2E7C7DCF001856FD /* DashboardView.swift */; };
                6251FBAC2E7C7DCF001856FD /* HealthService.swift in Sources */ = {isa = PBXBuildFile; fileRef = 6251FB722E7C7DCF001856FD /* HealthService.swift */; };
		6251FBAD2E7C7DCF001856FD /* PinDTO.swift in Sources */ = {isa = PBXBuildFile; fileRef = 6251FB652E7C7DCF001856FD /* PinDTO.swift */; };
		6251FBAF2E7C7DCF001856FD /* DiscoveryViewModel.swift in Sources */ = {isa = PBXBuildFile; fileRef = 6251FB7C2E7C7DCF001856FD /* DiscoveryViewModel.swift */; };
		6251FBB02E7C7DCF001856FD /* ScheduleDraft.swift in Sources */ = {isa = PBXBuildFile; fileRef = 6251FB672E7C7DCF001856FD /* ScheduleDraft.swift */; };
		6251FBB12E7C7DCF001856FD /* RainStatusView.swift in Sources */ = {isa = PBXBuildFile; fileRef = 6251FB822E7C7DCF001856FD /* RainStatusView.swift */; };
		6251FBB22E7C7DCF001856FD /* APIError.swift in Sources */ = {isa = PBXBuildFile; fileRef = 6251FB612E7C7DCF001856FD /* APIError.swift */; };
                6251FBB32E7C7DCF001856FD /* AuthenticationController.swift in Sources */ = {isa = PBXBuildFile; fileRef = 6251FBB42E7C7DCF001856FD /* AuthenticationController.swift */; };
                30EFCF9138EE400195C87690 /* AuthenticationProtocols.swift in Sources */ = {isa = PBXBuildFile; fileRef = FD706E816C6E4BE9A70C5903 /* AuthenticationProtocols.swift */; };
		62D0AA012F0A1B2000000001 /* ConnectionTestLog.swift in Sources */ = {isa = PBXBuildFile; fileRef = 62D0AA002F0A1B2000000001 /* ConnectionTestLog.swift */; };
		62D0AA032F0A1B2000000001 /* PinSettingsView.swift in Sources */ = {isa = PBXBuildFile; fileRef = 62D0AA022F0A1B2000000001 /* PinSettingsView.swift */; };
		AAA5C1E62E8D2F9000C533F1 /* Theme.swift in Sources */ = {isa = PBXBuildFile; fileRef = AAA5C1E52E8D2F9000C533F1 /* Theme.swift */; };
/* End PBXBuildFile section */

/* Begin PBXContainerItemProxy section */
		620874552E7D04C10062F269 /* PBXContainerItemProxy */ = {
			isa = PBXContainerItemProxy;
			containerPortal = 6251FB3A2E7C7D3F001856FD /* Project object */;
			proxyType = 1;
			remoteGlobalIDString = 6251FB412E7C7D3F001856FD;
			remoteInfo = Sprink;
		};
/* End PBXContainerItemProxy section */

/* Begin PBXFileReference section */
               62D0BB102F0A1B2000000002 /* GenerateAppIcons.swift */ = {isa = PBXFileReference; lastKnownFileType = sourcecode.swift; path = GenerateAppIcons.swift; sourceTree = "<group>"; };
		620874512E7D04C10062F269 /* SprinklerConnectivityTests.xctest */ = {isa = PBXFileReference; explicitFileType = wrapper.cfbundle; includeInIndex = 0; path = SprinklerConnectivityTests.xctest; sourceTree = BUILT_PRODUCTS_DIR; };
		6208747C2E7DF2C00062F269 /* Color+Theme.swift */ = {isa = PBXFileReference; lastKnownFileType = sourcecode.swift; path = "Color+Theme.swift"; sourceTree = "<group>"; };
		621360EF2E7C8AE30094E4D2 /* LaunchScreen.storyboard */ = {isa = PBXFileReference; lastKnownFileType = file.storyboard; path = LaunchScreen.storyboard; sourceTree = "<group>"; };
		621360F22E7C8C730094E4D2 /* Assets.xcassets */ = {isa = PBXFileReference; lastKnownFileType = folder.assetcatalog; path = Assets.xcassets; sourceTree = "<group>"; };
		6251FB422E7C7D3F001856FD /* Sprink.app */ = {isa = PBXFileReference; explicitFileType = wrapper.application; includeInIndex = 0; path = Sprink.app; sourceTree = BUILT_PRODUCTS_DIR; };
		6251FB5E2E7C7DCF001856FD /* Package.swift */ = {isa = PBXFileReference; lastKnownFileType = text; path = Package.swift; sourceTree = "<group>"; };
		6251FB5F2E7C7DCF001856FD /* README.md */ = {isa = PBXFileReference; lastKnownFileType = net.daringfireball.markdown; path = README.md; sourceTree = "<group>"; };
		6251FB602E7C7DCF001856FD /* APIClient.swift */ = {isa = PBXFileReference; lastKnownFileType = sourcecode.swift; path = APIClient.swift; sourceTree = "<group>"; };
		6251FB612E7C7DCF001856FD /* APIError.swift */ = {isa = PBXFileReference; lastKnownFileType = sourcecode.swift; path = APIError.swift; sourceTree = "<group>"; };
		6251FB622E7C7DCF001856FD /* EmptyResponse.swift */ = {isa = PBXFileReference; lastKnownFileType = sourcecode.swift; path = EmptyResponse.swift; sourceTree = "<group>"; };
                6251FB632E7C7DCF001856FD /* GPIOCatalog.swift */ = {isa = PBXFileReference; lastKnownFileType = sourcecode.swift; path = GPIOCatalog.swift; sourceTree = "<group>"; };
                6251FB642E7C7DCF001856FD /* HTTPClient.swift */ = {isa = PBXFileReference; lastKnownFileType = sourcecode.swift; path = HTTPClient.swift; sourceTree = "<group>"; };
                FD706E816C6E4BE9A70C5903 /* AuthenticationProtocols.swift */ = {isa = PBXFileReference; lastKnownFileType = sourcecode.swift; path = AuthenticationProtocols.swift; sourceTree = "<group>"; };
                6251FB652E7C7DCF001856FD /* PinDTO.swift */ = {isa = PBXFileReference; lastKnownFileType = sourcecode.swift; path = PinDTO.swift; sourceTree = "<group>"; };
		6251FB662E7C7DCF001856FD /* RainDTO.swift */ = {isa = PBXFileReference; lastKnownFileType = sourcecode.swift; path = RainDTO.swift; sourceTree = "<group>"; };
		6251FB672E7C7DCF001856FD /* ScheduleDraft.swift */ = {isa = PBXFileReference; lastKnownFileType = sourcecode.swift; path = ScheduleDraft.swift; sourceTree = "<group>"; };
		6251FB682E7C7DCF001856FD /* ScheduleDTO.swift */ = {isa = PBXFileReference; lastKnownFileType = sourcecode.swift; path = ScheduleDTO.swift; sourceTree = "<group>"; };
		6251FB6A2E7C7DCF001856FD /* SSLPinningDelegate.swift */ = {isa = PBXFileReference; lastKnownFileType = sourcecode.swift; path = SSLPinningDelegate.swift; sourceTree = "<group>"; };
		6251FB6B2E7C7DCF001856FD /* StatusDTO.swift */ = {isa = PBXFileReference; lastKnownFileType = sourcecode.swift; path = StatusDTO.swift; sourceTree = "<group>"; };
		6251FB6D2E7C7DCF001856FD /* DiscoveredDevice.swift */ = {isa = PBXFileReference; lastKnownFileType = sourcecode.swift; path = DiscoveredDevice.swift; sourceTree = "<group>"; };
		6251FB6F2E7C7DCF001856FD /* Info.plist */ = {isa = PBXFileReference; lastKnownFileType = text.plist.xml; path = Info.plist; sourceTree = "<group>"; };
		6251FB712E7C7DCF001856FD /* BonjourDiscoveryService.swift */ = {isa = PBXFileReference; lastKnownFileType = sourcecode.swift; path = BonjourDiscoveryService.swift; sourceTree = "<group>"; };
                6251FB722E7C7DCF001856FD /* HealthService.swift */ = {isa = PBXFileReference; lastKnownFileType = sourcecode.swift; path = HealthService.swift; sourceTree = "<group>"; };
                6251FB742E7C7DCF001856FD /* ConnectivityStore.swift */ = {isa = PBXFileReference; lastKnownFileType = sourcecode.swift; path = ConnectivityStore.swift; sourceTree = "<group>"; };
                62D0AA042F0A1B2000000001 /* ConnectivityState+Presentation.swift */ = {isa = PBXFileReference; lastKnownFileType = sourcecode.swift; path = "ConnectivityState+Presentation.swift"; sourceTree = "<group>"; };
                6251FB752E7C7DCF001856FD /* SprinklerStore.swift */ = {isa = PBXFileReference; lastKnownFileType = sourcecode.swift; path = SprinklerStore.swift; sourceTree = "<group>"; };
                6251FB772E7C7DCF001856FD /* KeychainStorage.swift */ = {isa = PBXFileReference; lastKnownFileType = sourcecode.swift; path = KeychainStorage.swift; sourceTree = "<group>"; };
                6251FB782E7C7DCF001856FD /* SkeletonView.swift */ = {isa = PBXFileReference; lastKnownFileType = sourcecode.swift; path = SkeletonView.swift; sourceTree = "<group>"; };
                6251FB792E7C7DCF001856FD /* Toast.swift */ = {isa = PBXFileReference; lastKnownFileType = sourcecode.swift; path = Toast.swift; sourceTree = "<group>"; };
                B2866995A778497F91D3DDCE /* ControllerConfig.swift */ = {isa = PBXFileReference; lastKnownFileType = sourcecode.swift; path = ControllerConfig.swift; sourceTree = "<group>"; };
                4532F3E698CE4C0290A27EB5 /* URLNormalize.swift */ = {isa = PBXFileReference; lastKnownFileType = sourcecode.swift; path = URLNormalize.swift; sourceTree = "<group>"; };
                6251FB7A2E7C7DCF001856FD /* Validators.swift */ = {isa = PBXFileReference; lastKnownFileType = sourcecode.swift; path = Validators.swift; sourceTree = "<group>"; };
		6251FB7C2E7C7DCF001856FD /* DiscoveryViewModel.swift */ = {isa = PBXFileReference; lastKnownFileType = sourcecode.swift; path = DiscoveryViewModel.swift; sourceTree = "<group>"; };
		6251FB7E2E7C7DCF001856FD /* ConnectivityBadgeView.swift */ = {isa = PBXFileReference; lastKnownFileType = sourcecode.swift; path = ConnectivityBadgeView.swift; sourceTree = "<group>"; };
		6251FB7F2E7C7DCF001856FD /* DashboardView.swift */ = {isa = PBXFileReference; lastKnownFileType = sourcecode.swift; path = DashboardView.swift; sourceTree = "<group>"; };
		6251FB802E7C7DCF001856FD /* PinRowView.swift */ = {isa = PBXFileReference; lastKnownFileType = sourcecode.swift; path = PinRowView.swift; sourceTree = "<group>"; };
		6251FB812E7C7DCF001856FD /* PinsListView.swift */ = {isa = PBXFileReference; lastKnownFileType = sourcecode.swift; path = PinsListView.swift; sourceTree = "<group>"; };
		6251FB822E7C7DCF001856FD /* RainStatusView.swift */ = {isa = PBXFileReference; lastKnownFileType = sourcecode.swift; path = RainStatusView.swift; sourceTree = "<group>"; };
		6251FB832E7C7DCF001856FD /* ScheduleEditorView.swift */ = {isa = PBXFileReference; lastKnownFileType = sourcecode.swift; path = ScheduleEditorView.swift; sourceTree = "<group>"; };
		6251FB842E7C7DCF001856FD /* ScheduleRowView.swift */ = {isa = PBXFileReference; lastKnownFileType = sourcecode.swift; path = ScheduleRowView.swift; sourceTree = "<group>"; };
		6251FB852E7C7DCF001856FD /* SchedulesView.swift */ = {isa = PBXFileReference; lastKnownFileType = sourcecode.swift; path = SchedulesView.swift; sourceTree = "<group>"; };
		6251FB862E7C7DCF001856FD /* SettingsView.swift */ = {isa = PBXFileReference; lastKnownFileType = sourcecode.swift; path = SettingsView.swift; sourceTree = "<group>"; };
		6251FB882E7C7DCF001856FD /* SprinklerMobileApp.swift */ = {isa = PBXFileReference; lastKnownFileType = sourcecode.swift; path = SprinklerMobileApp.swift; sourceTree = "<group>"; };
		6251FB8A2E7C7DCF001856FD /* BonjourDiscoveryServiceTests.swift */ = {isa = PBXFileReference; lastKnownFileType = sourcecode.swift; path = BonjourDiscoveryServiceTests.swift; sourceTree = "<group>"; };
		6251FB8B2E7C7DCF001856FD /* ConnectivityStoreTests.swift */ = {isa = PBXFileReference; lastKnownFileType = sourcecode.swift; path = ConnectivityStoreTests.swift; sourceTree = "<group>"; };
                6251FB8C2E7C7DCF001856FD /* HealthServiceTests.swift */ = {isa = PBXFileReference; lastKnownFileType = sourcecode.swift; path = HealthServiceTests.swift; sourceTree = "<group>"; };
		6251FBB42E7C7DCF001856FD /* AuthenticationController.swift */ = {isa = PBXFileReference; lastKnownFileType = sourcecode.swift; path = AuthenticationController.swift; sourceTree = "<group>"; };
		62D0AA002F0A1B2000000001 /* ConnectionTestLog.swift */ = {isa = PBXFileReference; lastKnownFileType = sourcecode.swift; path = ConnectionTestLog.swift; sourceTree = "<group>"; };
		62D0AA022F0A1B2000000001 /* PinSettingsView.swift */ = {isa = PBXFileReference; lastKnownFileType = sourcecode.swift; path = PinSettingsView.swift; sourceTree = "<group>"; };
		AAA5C1E52E8D2F9000C533F1 /* Theme.swift */ = {isa = PBXFileReference; lastKnownFileType = sourcecode.swift; path = Theme.swift; sourceTree = "<group>"; };
/* End PBXFileReference section */

/* Begin PBXFrameworksBuildPhase section */
		6208744E2E7D04C10062F269 /* Frameworks */ = {
			isa = PBXFrameworksBuildPhase;
			buildActionMask = 2147483647;
			files = (
			);
			runOnlyForDeploymentPostprocessing = 0;
		};
		6251FB3F2E7C7D3F001856FD /* Frameworks */ = {
			isa = PBXFrameworksBuildPhase;
			buildActionMask = 2147483647;
			files = (
			);
			runOnlyForDeploymentPostprocessing = 0;
		};
/* End PBXFrameworksBuildPhase section */

/* Begin PBXGroup section */
               6251FB392E7C7D3F001856FD = {
                       isa = PBXGroup;
                       children = (
                               6251FB5E2E7C7DCF001856FD /* Package.swift */,
                               6251FB5F2E7C7DCF001856FD /* README.md */,
                               62D0BB112F0A1B2000000002 /* Scripts */,
                               6251FB892E7C7DCF001856FD /* SprinklerMobile */,
                               6251FB8E2E7C7DCF001856FD /* Tests */,
                               6251FB432E7C7D3F001856FD /* Products */,
                       );
                       sourceTree = "<group>";
               };
               62D0BB112F0A1B2000000002 /* Scripts */ = {
                       isa = PBXGroup;
                       children = (
                               62D0BB102F0A1B2000000002 /* GenerateAppIcons.swift */,
                       );
                       path = Scripts;
                       sourceTree = "<group>";
               };
		6251FB432E7C7D3F001856FD /* Products */ = {
			isa = PBXGroup;
			children = (
				6251FB422E7C7D3F001856FD /* Sprink.app */,
				620874512E7D04C10062F269 /* SprinklerConnectivityTests.xctest */,
			);
			name = Products;
			sourceTree = "<group>";
		};
		6251FB6C2E7C7DCF001856FD /* Data */ = {
			isa = PBXGroup;
                        children = (
                                6251FBB42E7C7DCF001856FD /* AuthenticationController.swift */,
                                FD706E816C6E4BE9A70C5903 /* AuthenticationProtocols.swift */,
                                6251FB602E7C7DCF001856FD /* APIClient.swift */,
                                6251FB612E7C7DCF001856FD /* APIError.swift */,
                                6251FB622E7C7DCF001856FD /* EmptyResponse.swift */,
				6251FB632E7C7DCF001856FD /* GPIOCatalog.swift */,
				6251FB642E7C7DCF001856FD /* HTTPClient.swift */,
				6251FB652E7C7DCF001856FD /* PinDTO.swift */,
				6251FB662E7C7DCF001856FD /* RainDTO.swift */,
				6251FB672E7C7DCF001856FD /* ScheduleDraft.swift */,
                                6251FB682E7C7DCF001856FD /* ScheduleDTO.swift */,
                                6251FB6A2E7C7DCF001856FD /* SSLPinningDelegate.swift */,
				6251FB6B2E7C7DCF001856FD /* StatusDTO.swift */,
			);
			path = Data;
			sourceTree = "<group>";
		};
		6251FB6E2E7C7DCF001856FD /* Models */ = {
			isa = PBXGroup;
			children = (
				6251FB6D2E7C7DCF001856FD /* DiscoveredDevice.swift */,
				62D0AA002F0A1B2000000001 /* ConnectionTestLog.swift */,
			);
			path = Models;
			sourceTree = "<group>";
		};
		6251FB702E7C7DCF001856FD /* Resources */ = {
			isa = PBXGroup;
			children = (
				6251FB6F2E7C7DCF001856FD /* Info.plist */,
				621360EF2E7C8AE30094E4D2 /* LaunchScreen.storyboard */,
				621360F22E7C8C730094E4D2 /* Assets.xcassets */,
			);
			path = Resources;
			sourceTree = "<group>";
		};
		6251FB732E7C7DCF001856FD /* Services */ = {
			isa = PBXGroup;
			children = (
				6251FB712E7C7DCF001856FD /* BonjourDiscoveryService.swift */,
                            6251FB722E7C7DCF001856FD /* HealthService.swift */,
			);
			path = Services;
			sourceTree = "<group>";
		};
                6251FB762E7C7DCF001856FD /* Stores */ = {
                        isa = PBXGroup;
                        children = (
                                6251FB742E7C7DCF001856FD /* ConnectivityStore.swift */,
                                62D0AA042F0A1B2000000001 /* ConnectivityState+Presentation.swift */,
                                6251FB752E7C7DCF001856FD /* SprinklerStore.swift */,
                        );
                        path = Stores;
                        sourceTree = "<group>";
                };
		6251FB7B2E7C7DCF001856FD /* Utils */ = {
			isa = PBXGroup;
                        children = (
                                6208747C2E7DF2C00062F269 /* Color+Theme.swift */,
                                AAA5C1E52E8D2F9000C533F1 /* Theme.swift */,
                                6251FB772E7C7DCF001856FD /* KeychainStorage.swift */,
                                6251FB782E7C7DCF001856FD /* SkeletonView.swift */,
                                6251FB792E7C7DCF001856FD /* Toast.swift */,
                                B2866995A778497F91D3DDCE /* ControllerConfig.swift */,
                                4532F3E698CE4C0290A27EB5 /* URLNormalize.swift */,
                                6251FB7A2E7C7DCF001856FD /* Validators.swift */,
                        );
			path = Utils;
			sourceTree = "<group>";
		};
		6251FB7D2E7C7DCF001856FD /* ViewModels */ = {
			isa = PBXGroup;
			children = (
				6251FB7C2E7C7DCF001856FD /* DiscoveryViewModel.swift */,
			);
			path = ViewModels;
			sourceTree = "<group>";
		};
		6251FB872E7C7DCF001856FD /* Views */ = {
			isa = PBXGroup;
			children = (
				6251FB7E2E7C7DCF001856FD /* ConnectivityBadgeView.swift */,
				6251FB7F2E7C7DCF001856FD /* DashboardView.swift */,
				6251FB802E7C7DCF001856FD /* PinRowView.swift */,
				6251FB812E7C7DCF001856FD /* PinsListView.swift */,
				6251FB822E7C7DCF001856FD /* RainStatusView.swift */,
				6251FB832E7C7DCF001856FD /* ScheduleEditorView.swift */,
				6251FB842E7C7DCF001856FD /* ScheduleRowView.swift */,
				6251FB852E7C7DCF001856FD /* SchedulesView.swift */,
				6251FB862E7C7DCF001856FD /* SettingsView.swift */,
				62D0AA022F0A1B2000000001 /* PinSettingsView.swift */,
			);
			path = Views;
			sourceTree = "<group>";
		};
		6251FB892E7C7DCF001856FD /* SprinklerMobile */ = {
			isa = PBXGroup;
			children = (
				6251FB6C2E7C7DCF001856FD /* Data */,
				6251FB6E2E7C7DCF001856FD /* Models */,
				6251FB702E7C7DCF001856FD /* Resources */,
				6251FB732E7C7DCF001856FD /* Services */,
				6251FB762E7C7DCF001856FD /* Stores */,
				6251FB7B2E7C7DCF001856FD /* Utils */,
				6251FB7D2E7C7DCF001856FD /* ViewModels */,
				6251FB872E7C7DCF001856FD /* Views */,
				6251FB882E7C7DCF001856FD /* SprinklerMobileApp.swift */,
			);
			path = SprinklerMobile;
			sourceTree = "<group>";
		};
		6251FB8D2E7C7DCF001856FD /* SprinklerConnectivityTests */ = {
			isa = PBXGroup;
			children = (
				6251FB8A2E7C7DCF001856FD /* BonjourDiscoveryServiceTests.swift */,
				6251FB8B2E7C7DCF001856FD /* ConnectivityStoreTests.swift */,
                            6251FB8C2E7C7DCF001856FD /* HealthServiceTests.swift */,
			);
			path = SprinklerConnectivityTests;
			sourceTree = "<group>";
		};
		6251FB8E2E7C7DCF001856FD /* Tests */ = {
			isa = PBXGroup;
			children = (
				6251FB8D2E7C7DCF001856FD /* SprinklerConnectivityTests */,
			);
			path = Tests;
			sourceTree = "<group>";
		};
/* End PBXGroup section */

/* Begin PBXNativeTarget section */
		620874502E7D04C10062F269 /* SprinklerConnectivityTests */ = {
			isa = PBXNativeTarget;
			buildConfigurationList = 620874592E7D04C10062F269 /* Build configuration list for PBXNativeTarget "SprinklerConnectivityTests" */;
			buildPhases = (
				6208744D2E7D04C10062F269 /* Sources */,
				6208744E2E7D04C10062F269 /* Frameworks */,
				6208744F2E7D04C10062F269 /* Resources */,
			);
			buildRules = (
			);
			dependencies = (
				620874562E7D04C10062F269 /* PBXTargetDependency */,
			);
                        name = SprinklerConnectivityTests;
			packageProductDependencies = (
			);
			productName = SprinklerConnectivityTests;
			productReference = 620874512E7D04C10062F269 /* SprinklerConnectivityTests.xctest */;
			productType = "com.apple.product-type.bundle.unit-test";
		};
               6251FB412E7C7D3F001856FD /* Sprink */ = {
                       isa = PBXNativeTarget;
                       buildConfigurationList = 6251FB4D2E7C7D42001856FD /* Build configuration list for PBXNativeTarget "Sprink" */;
                       buildPhases = (
                               62D0BB122F0A1B2000000002 /* Generate App Icons */,
                               6251FB3E2E7C7D3F001856FD /* Sources */,
                               6251FB3F2E7C7D3F001856FD /* Frameworks */,
                               6251FB402E7C7D3F001856FD /* Resources */,
                       );
			buildRules = (
			);
			dependencies = (
			);
			name = Sprink;
			packageProductDependencies = (
			);
			productName = Sprink;
			productReference = 6251FB422E7C7D3F001856FD /* Sprink.app */;
			productType = "com.apple.product-type.application";
		};
/* End PBXNativeTarget section */

/* Begin PBXProject section */
		6251FB3A2E7C7D3F001856FD /* Project object */ = {
			isa = PBXProject;
			attributes = {
				BuildIndependentTargetsInParallel = 1;
				LastSwiftUpdateCheck = 1640;
				LastUpgradeCheck = 1640;
				TargetAttributes = {
					620874502E7D04C10062F269 = {
						CreatedOnToolsVersion = 16.4;
						TestTargetID = 6251FB412E7C7D3F001856FD;
					};
					6251FB412E7C7D3F001856FD = {
						CreatedOnToolsVersion = 16.4;
					};
				};
			};
			buildConfigurationList = 6251FB3D2E7C7D3F001856FD /* Build configuration list for PBXProject "Sprink" */;
			developmentRegion = en;
			hasScannedForEncodings = 0;
			knownRegions = (
				en,
				Base,
			);
			mainGroup = 6251FB392E7C7D3F001856FD;
			minimizedProjectReferenceProxies = 1;
			preferredProjectObjectVersion = 77;
			productRefGroup = 6251FB432E7C7D3F001856FD /* Products */;
			projectDirPath = "";
			projectRoot = "";
			targets = (
				6251FB412E7C7D3F001856FD /* Sprink */,
				620874502E7D04C10062F269 /* SprinklerConnectivityTests */,
			);
		};
/* End PBXProject section */

/* Begin PBXResourcesBuildPhase section */
		6208744F2E7D04C10062F269 /* Resources */ = {
			isa = PBXResourcesBuildPhase;
			buildActionMask = 2147483647;
			files = (
			);
			runOnlyForDeploymentPostprocessing = 0;
		};
		6251FB402E7C7D3F001856FD /* Resources */ = {
			isa = PBXResourcesBuildPhase;
			buildActionMask = 2147483647;
			files = (
				621360F32E7C8C730094E4D2 /* Assets.xcassets in Resources */,
				621360F02E7C8AE30094E4D2 /* LaunchScreen.storyboard in Resources */,
			);
			runOnlyForDeploymentPostprocessing = 0;
		};
/* End PBXResourcesBuildPhase section */

/* Begin PBXShellScriptBuildPhase section */
               62D0BB122F0A1B2000000002 /* Generate App Icons */ = {
                       isa = PBXShellScriptBuildPhase;
                       buildActionMask = 2147483647;
                       files = (
                       );
                       inputFileListPaths = (
                       );
                       inputPaths = (
                       );
                       name = "Generate App Icons";
                       outputFileListPaths = (
                       );
                       outputPaths = (
                       );
                       runOnlyForDeploymentPostprocessing = 0;
                       shellPath = /bin/sh;
                       shellScript = "SCRIPT_DIR=\"${PROJECT_DIR}/Scripts\"\nICONSET_PATH=\"${PROJECT_DIR}/SprinklerMobile/Resources/Assets.xcassets/AppIcon.appiconset\"\nSWIFT_TOOL=\"$(/usr/bin/xcrun --find swift)\"\n\nif [ ! -x \"${SWIFT_TOOL}\" ]; then\n  echo \"Unable to locate Swift toolchain\"\n  exit 1\nfi\n\"${SWIFT_TOOL}\" \"${SCRIPT_DIR}/GenerateAppIcons.swift\" \"${ICONSET_PATH}\"";
               };
/* End PBXShellScriptBuildPhase section */

/* Begin PBXSourcesBuildPhase section */
		6208744D2E7D04C10062F269 /* Sources */ = {
			isa = PBXSourcesBuildPhase;
			buildActionMask = 2147483647;
			files = (
				6208745A2E7D04D80062F269 /* BonjourDiscoveryServiceTests.swift in Sources */,
                            6208745C2E7D04E30062F269 /* HealthServiceTests.swift in Sources */,
				6208745B2E7D04DD0062F269 /* ConnectivityStoreTests.swift in Sources */,
			);
			runOnlyForDeploymentPostprocessing = 0;
		};
		6251FB3E2E7C7D3F001856FD /* Sources */ = {
			isa = PBXSourcesBuildPhase;
			buildActionMask = 2147483647;
			files = (
				6251FB8F2E7C7DCF001856FD /* RainDTO.swift in Sources */,
				6251FB902E7C7DCF001856FD /* ConnectivityBadgeView.swift in Sources */,
				6251FB912E7C7DCF001856FD /* SkeletonView.swift in Sources */,
				6251FB932E7C7DCF001856FD /* HTTPClient.swift in Sources */,
				6208747D2E7DF2C00062F269 /* Color+Theme.swift in Sources */,
				6251FB942E7C7DCF001856FD /* BonjourDiscoveryService.swift in Sources */,
				6251FB962E7C7DCF001856FD /* StatusDTO.swift in Sources */,
				6251FB972E7C7DCF001856FD /* KeychainStorage.swift in Sources */,
                                6251FB982E7C7DCF001856FD /* ConnectivityStore.swift in Sources */,
                                62D0AA052F0A1B2000000001 /* ConnectivityState+Presentation.swift in Sources */,
                                62D0AA012F0A1B2000000001 /* ConnectionTestLog.swift in Sources */,
				6251FB992E7C7DCF001856FD /* PinsListView.swift in Sources */,
                                6251FB9A2E7C7DCF001856FD /* Toast.swift in Sources */,
                                6BFEAF8D8CE34D24B3E6D573 /* ControllerConfig.swift in Sources */,
                                05C68F6C7FA04E5883B160B3 /* URLNormalize.swift in Sources */,
                                6251FB9B2E7C7DCF001856FD /* EmptyResponse.swift in Sources */,
				6251FB9D2E7C7DCF001856FD /* PinRowView.swift in Sources */,
				6251FB9E2E7C7DCF001856FD /* Validators.swift in Sources */,
				6251FB9F2E7C7DCF001856FD /* SprinklerMobileApp.swift in Sources */,
				6251FBA02E7C7DCF001856FD /* SprinklerStore.swift in Sources */,
				6251FBA12E7C7DCF001856FD /* ScheduleEditorView.swift in Sources */,
				6251FBA22E7C7DCF001856FD /* SSLPinningDelegate.swift in Sources */,
				6251FBA32E7C7DCF001856FD /* ScheduleRowView.swift in Sources */,
				6251FBA42E7C7DCF001856FD /* DiscoveredDevice.swift in Sources */,
				6251FBA52E7C7DCF001856FD /* SchedulesView.swift in Sources */,
				6251FBA62E7C7DCF001856FD /* SettingsView.swift in Sources */,
				62D0AA032F0A1B2000000001 /* PinSettingsView.swift in Sources */,
				6251FBA72E7C7DCF001856FD /* GPIOCatalog.swift in Sources */,
				6251FBA82E7C7DCF001856FD /* ScheduleDTO.swift in Sources */,
				6251FBA92E7C7DCF001856FD /* APIClient.swift in Sources */,
				6251FBAA2E7C7DCF001856FD /* DashboardView.swift in Sources */,
				AAA5C1E62E8D2F9000C533F1 /* Theme.swift in Sources */,
                            6251FBAC2E7C7DCF001856FD /* HealthService.swift in Sources */,
				6251FBAD2E7C7DCF001856FD /* PinDTO.swift in Sources */,
				6251FBAF2E7C7DCF001856FD /* DiscoveryViewModel.swift in Sources */,
				6251FBB02E7C7DCF001856FD /* ScheduleDraft.swift in Sources */,
				6251FBB12E7C7DCF001856FD /* RainStatusView.swift in Sources */,
                                6251FBB22E7C7DCF001856FD /* APIError.swift in Sources */,
                                6251FBB32E7C7DCF001856FD /* AuthenticationController.swift in Sources */,
                                30EFCF9138EE400195C87690 /* AuthenticationProtocols.swift in Sources */,
                        );
			runOnlyForDeploymentPostprocessing = 0;
		};
/* End PBXSourcesBuildPhase section */

/* Begin PBXTargetDependency section */
		620874562E7D04C10062F269 /* PBXTargetDependency */ = {
			isa = PBXTargetDependency;
			target = 6251FB412E7C7D3F001856FD /* Sprink */;
			targetProxy = 620874552E7D04C10062F269 /* PBXContainerItemProxy */;
		};
/* End PBXTargetDependency section */

/* Begin XCBuildConfiguration section */
		620874572E7D04C10062F269 /* Debug */ = {
			isa = XCBuildConfiguration;
			buildSettings = {
				BUNDLE_LOADER = "$(TEST_HOST)";
				CODE_SIGN_STYLE = Automatic;
				CURRENT_PROJECT_VERSION = 1;
				DEVELOPMENT_TEAM = 3942HSRK87;
				GENERATE_INFOPLIST_FILE = YES;
				MARKETING_VERSION = 1.0;
				PRODUCT_BUNDLE_IDENTIFIER = io.sprink.sprink.SprinklerConnectivityTests;
				PRODUCT_NAME = "$(TARGET_NAME)";
				SWIFT_EMIT_LOC_STRINGS = NO;
				SWIFT_VERSION = 5.0;
				TARGETED_DEVICE_FAMILY = 1;
				TEST_HOST = "$(BUILT_PRODUCTS_DIR)/Sprink.app/$(BUNDLE_EXECUTABLE_FOLDER_PATH)/Sprink";
			};
			name = Debug;
		};
		620874582E7D04C10062F269 /* Release */ = {
			isa = XCBuildConfiguration;
			buildSettings = {
				BUNDLE_LOADER = "$(TEST_HOST)";
				CODE_SIGN_STYLE = Automatic;
				CURRENT_PROJECT_VERSION = 1;
				DEVELOPMENT_TEAM = 3942HSRK87;
				GENERATE_INFOPLIST_FILE = YES;
				MARKETING_VERSION = 1.0;
				PRODUCT_BUNDLE_IDENTIFIER = io.sprink.sprink.SprinklerConnectivityTests;
				PRODUCT_NAME = "$(TARGET_NAME)";
				SWIFT_EMIT_LOC_STRINGS = NO;
				SWIFT_VERSION = 5.0;
				TARGETED_DEVICE_FAMILY = 1;
				TEST_HOST = "$(BUILT_PRODUCTS_DIR)/Sprink.app/$(BUNDLE_EXECUTABLE_FOLDER_PATH)/Sprink";
			};
			name = Release;
		};
		6251FB4B2E7C7D42001856FD /* Debug */ = {
			isa = XCBuildConfiguration;
			buildSettings = {
				ALWAYS_SEARCH_USER_PATHS = NO;
				ASSETCATALOG_COMPILER_GENERATE_SWIFT_ASSET_SYMBOL_EXTENSIONS = YES;
				CLANG_ANALYZER_NONNULL = YES;
				CLANG_ANALYZER_NUMBER_OBJECT_CONVERSION = YES_AGGRESSIVE;
				CLANG_CXX_LANGUAGE_STANDARD = "gnu++20";
				CLANG_ENABLE_MODULES = YES;
				CLANG_ENABLE_OBJC_ARC = YES;
				CLANG_ENABLE_OBJC_WEAK = YES;
				CLANG_WARN_BLOCK_CAPTURE_AUTORELEASING = YES;
				CLANG_WARN_BOOL_CONVERSION = YES;
				CLANG_WARN_COMMA = YES;
				CLANG_WARN_CONSTANT_CONVERSION = YES;
				CLANG_WARN_DEPRECATED_OBJC_IMPLEMENTATIONS = YES;
				CLANG_WARN_DIRECT_OBJC_ISA_USAGE = YES_ERROR;
				CLANG_WARN_DOCUMENTATION_COMMENTS = YES;
				CLANG_WARN_EMPTY_BODY = YES;
				CLANG_WARN_ENUM_CONVERSION = YES;
				CLANG_WARN_INFINITE_RECURSION = YES;
				CLANG_WARN_INT_CONVERSION = YES;
				CLANG_WARN_NON_LITERAL_NULL_CONVERSION = YES;
				CLANG_WARN_OBJC_IMPLICIT_RETAIN_SELF = YES;
				CLANG_WARN_OBJC_LITERAL_CONVERSION = YES;
				CLANG_WARN_OBJC_ROOT_CLASS = YES_ERROR;
				CLANG_WARN_QUOTED_INCLUDE_IN_FRAMEWORK_HEADER = YES;
				CLANG_WARN_RANGE_LOOP_ANALYSIS = YES;
				CLANG_WARN_STRICT_PROTOTYPES = YES;
				CLANG_WARN_SUSPICIOUS_MOVE = YES;
				CLANG_WARN_UNGUARDED_AVAILABILITY = YES_AGGRESSIVE;
				CLANG_WARN_UNREACHABLE_CODE = YES;
				CLANG_WARN__DUPLICATE_METHOD_MATCH = YES;
				COPY_PHASE_STRIP = NO;
				DEBUG_INFORMATION_FORMAT = dwarf;
				DEVELOPMENT_TEAM = 3942HSRK87;
				ENABLE_STRICT_OBJC_MSGSEND = YES;
				ENABLE_TESTABILITY = YES;
				ENABLE_USER_SCRIPT_SANDBOXING = YES;
				GCC_C_LANGUAGE_STANDARD = gnu17;
				GCC_DYNAMIC_NO_PIC = NO;
				GCC_NO_COMMON_BLOCKS = YES;
				GCC_OPTIMIZATION_LEVEL = 0;
				GCC_PREPROCESSOR_DEFINITIONS = (
					"DEBUG=1",
					"$(inherited)",
				);
				GCC_WARN_64_TO_32_BIT_CONVERSION = YES;
				GCC_WARN_ABOUT_RETURN_TYPE = YES_ERROR;
				GCC_WARN_UNDECLARED_SELECTOR = YES;
				GCC_WARN_UNINITIALIZED_AUTOS = YES_AGGRESSIVE;
				GCC_WARN_UNUSED_FUNCTION = YES;
				GCC_WARN_UNUSED_VARIABLE = YES;
				INFOPLIST_FILE = SprinklerMobile/Resources/Info.plist;
				IPHONEOS_DEPLOYMENT_TARGET = 18.5;
				LOCALIZATION_PREFERS_STRING_CATALOGS = YES;
				MTL_ENABLE_DEBUG_INFO = INCLUDE_SOURCE;
				MTL_FAST_MATH = YES;
				ONLY_ACTIVE_ARCH = YES;
				SDKROOT = iphoneos;
				SWIFT_ACTIVE_COMPILATION_CONDITIONS = "DEBUG $(inherited)";
				SWIFT_OPTIMIZATION_LEVEL = "-Onone";
			};
			name = Debug;
		};
		6251FB4C2E7C7D42001856FD /* Release */ = {
			isa = XCBuildConfiguration;
			buildSettings = {
				ALWAYS_SEARCH_USER_PATHS = NO;
				ASSETCATALOG_COMPILER_GENERATE_SWIFT_ASSET_SYMBOL_EXTENSIONS = YES;
				CLANG_ANALYZER_NONNULL = YES;
				CLANG_ANALYZER_NUMBER_OBJECT_CONVERSION = YES_AGGRESSIVE;
				CLANG_CXX_LANGUAGE_STANDARD = "gnu++20";
				CLANG_ENABLE_MODULES = YES;
				CLANG_ENABLE_OBJC_ARC = YES;
				CLANG_ENABLE_OBJC_WEAK = YES;
				CLANG_WARN_BLOCK_CAPTURE_AUTORELEASING = YES;
				CLANG_WARN_BOOL_CONVERSION = YES;
				CLANG_WARN_COMMA = YES;
				CLANG_WARN_CONSTANT_CONVERSION = YES;
				CLANG_WARN_DEPRECATED_OBJC_IMPLEMENTATIONS = YES;
				CLANG_WARN_DIRECT_OBJC_ISA_USAGE = YES_ERROR;
				CLANG_WARN_DOCUMENTATION_COMMENTS = YES;
				CLANG_WARN_EMPTY_BODY = YES;
				CLANG_WARN_ENUM_CONVERSION = YES;
				CLANG_WARN_INFINITE_RECURSION = YES;
				CLANG_WARN_INT_CONVERSION = YES;
				CLANG_WARN_NON_LITERAL_NULL_CONVERSION = YES;
				CLANG_WARN_OBJC_IMPLICIT_RETAIN_SELF = YES;
				CLANG_WARN_OBJC_LITERAL_CONVERSION = YES;
				CLANG_WARN_OBJC_ROOT_CLASS = YES_ERROR;
				CLANG_WARN_QUOTED_INCLUDE_IN_FRAMEWORK_HEADER = YES;
				CLANG_WARN_RANGE_LOOP_ANALYSIS = YES;
				CLANG_WARN_STRICT_PROTOTYPES = YES;
				CLANG_WARN_SUSPICIOUS_MOVE = YES;
				CLANG_WARN_UNGUARDED_AVAILABILITY = YES_AGGRESSIVE;
				CLANG_WARN_UNREACHABLE_CODE = YES;
				CLANG_WARN__DUPLICATE_METHOD_MATCH = YES;
				COPY_PHASE_STRIP = NO;
				DEBUG_INFORMATION_FORMAT = "dwarf-with-dsym";
				DEVELOPMENT_TEAM = 3942HSRK87;
				ENABLE_NS_ASSERTIONS = NO;
				ENABLE_STRICT_OBJC_MSGSEND = YES;
				ENABLE_USER_SCRIPT_SANDBOXING = YES;
				GCC_C_LANGUAGE_STANDARD = gnu17;
				GCC_NO_COMMON_BLOCKS = YES;
				GCC_WARN_64_TO_32_BIT_CONVERSION = YES;
				GCC_WARN_ABOUT_RETURN_TYPE = YES_ERROR;
				GCC_WARN_UNDECLARED_SELECTOR = YES;
				GCC_WARN_UNINITIALIZED_AUTOS = YES_AGGRESSIVE;
				GCC_WARN_UNUSED_FUNCTION = YES;
				GCC_WARN_UNUSED_VARIABLE = YES;
				INFOPLIST_FILE = SprinklerMobile/Resources/Info.plist;
				IPHONEOS_DEPLOYMENT_TARGET = 18.5;
				LOCALIZATION_PREFERS_STRING_CATALOGS = YES;
				MTL_ENABLE_DEBUG_INFO = NO;
				MTL_FAST_MATH = YES;
				SDKROOT = iphoneos;
				SWIFT_COMPILATION_MODE = wholemodule;
				VALIDATE_PRODUCT = YES;
			};
			name = Release;
		};
		6251FB4E2E7C7D42001856FD /* Debug */ = {
			isa = XCBuildConfiguration;
			buildSettings = {
				ASSETCATALOG_COMPILER_APPICON_NAME = AppIcon;
				ASSETCATALOG_COMPILER_GLOBAL_ACCENT_COLOR_NAME = AccentColor;
				CODE_SIGN_STYLE = Automatic;
				CURRENT_PROJECT_VERSION = 1;
				DEVELOPMENT_TEAM = 3942HSRK87;
				ENABLE_PREVIEWS = YES;
				GENERATE_INFOPLIST_FILE = NO;
				INFOPLIST_FILE = SprinklerMobile/Resources/Info.plist;
				INFOPLIST_KEY_UIApplicationSceneManifest_Generation = YES;
				INFOPLIST_KEY_UIApplicationSupportsIndirectInputEvents = YES;
				INFOPLIST_KEY_UISupportedInterfaceOrientations_iPad = "UIInterfaceOrientationPortrait UIInterfaceOrientationPortraitUpsideDown UIInterfaceOrientationLandscapeLeft UIInterfaceOrientationLandscapeRight";
				INFOPLIST_KEY_UISupportedInterfaceOrientations_iPhone = "UIInterfaceOrientationPortrait UIInterfaceOrientationLandscapeLeft UIInterfaceOrientationLandscapeRight";
				LD_RUNPATH_SEARCH_PATHS = (
					"$(inherited)",
					"@executable_path/Frameworks",
				);
				MARKETING_VERSION = 1.0;
				PRODUCT_BUNDLE_IDENTIFIER = io.sprink.sprink.Sprink;
				PRODUCT_NAME = "$(TARGET_NAME)";
				SWIFT_EMIT_LOC_STRINGS = YES;
				SWIFT_VERSION = 5.0;
				TARGETED_DEVICE_FAMILY = 1;
			};
			name = Debug;
		};
		6251FB4F2E7C7D42001856FD /* Release */ = {
			isa = XCBuildConfiguration;
			buildSettings = {
				ASSETCATALOG_COMPILER_APPICON_NAME = AppIcon;
				ASSETCATALOG_COMPILER_GLOBAL_ACCENT_COLOR_NAME = AccentColor;
				CODE_SIGN_STYLE = Automatic;
				CURRENT_PROJECT_VERSION = 1;
				DEVELOPMENT_TEAM = 3942HSRK87;
				ENABLE_PREVIEWS = YES;
				GENERATE_INFOPLIST_FILE = NO;
				INFOPLIST_FILE = SprinklerMobile/Resources/Info.plist;
				INFOPLIST_KEY_UIApplicationSceneManifest_Generation = YES;
				INFOPLIST_KEY_UIApplicationSupportsIndirectInputEvents = YES;
				INFOPLIST_KEY_UISupportedInterfaceOrientations_iPad = "UIInterfaceOrientationPortrait UIInterfaceOrientationPortraitUpsideDown UIInterfaceOrientationLandscapeLeft UIInterfaceOrientationLandscapeRight";
				INFOPLIST_KEY_UISupportedInterfaceOrientations_iPhone = "UIInterfaceOrientationPortrait UIInterfaceOrientationLandscapeLeft UIInterfaceOrientationLandscapeRight";
				LD_RUNPATH_SEARCH_PATHS = (
					"$(inherited)",
					"@executable_path/Frameworks",
				);
				MARKETING_VERSION = 1.0;
				PRODUCT_BUNDLE_IDENTIFIER = io.sprink.sprink.Sprink;
				PRODUCT_NAME = "$(TARGET_NAME)";
				SWIFT_EMIT_LOC_STRINGS = YES;
				SWIFT_VERSION = 5.0;
				TARGETED_DEVICE_FAMILY = 1;
			};
			name = Release;
		};
/* End XCBuildConfiguration section */

/* Begin XCConfigurationList section */
		620874592E7D04C10062F269 /* Build configuration list for PBXNativeTarget "SprinklerConnectivityTests" */ = {
			isa = XCConfigurationList;
			buildConfigurations = (
				620874572E7D04C10062F269 /* Debug */,
				620874582E7D04C10062F269 /* Release */,
			);
			defaultConfigurationIsVisible = 0;
			defaultConfigurationName = Release;
		};
		6251FB3D2E7C7D3F001856FD /* Build configuration list for PBXProject "Sprink" */ = {
			isa = XCConfigurationList;
			buildConfigurations = (
				6251FB4B2E7C7D42001856FD /* Debug */,
				6251FB4C2E7C7D42001856FD /* Release */,
			);
			defaultConfigurationIsVisible = 0;
			defaultConfigurationName = Release;
		};
		6251FB4D2E7C7D42001856FD /* Build configuration list for PBXNativeTarget "Sprink" */ = {
			isa = XCConfigurationList;
			buildConfigurations = (
				6251FB4E2E7C7D42001856FD /* Debug */,
				6251FB4F2E7C7D42001856FD /* Release */,
			);
			defaultConfigurationIsVisible = 0;
			defaultConfigurationName = Release;
		};
/* End XCConfigurationList section */
	};
	rootObject = 6251FB3A2E7C7D3F001856FD /* Project object */;
}
